
Microsoft Visual Studio Solution File, Format Version 12.00
# Visual Studio Version 16
VisualStudioVersion = 16.0.31729.503
MinimumVisualStudioVersion = 10.0.40219.1
Project("{8BC9CEB8-8B4A-11D0-8D11-00A0C91BC942}") = "Pokémon", "Pokémon.vcxproj", "{C955F85E-454B-463E-8024-A858FF5BD2EE}"
EndProject
Project("{8BC9CEB8-8B4A-11D0-8D11-00A0C91BC942}") = "Type_Test", "..\Type_Test\Type_Test.vcxproj", "{DA2CEBD0-3930-410E-BBB9-D40E4491BC2F}"
EndProject
Project("{8BC9CEB8-8B4A-11D0-8D11-00A0C91BC942}") = "Pokemon_Test", "..\Pokemon_Test\Pokemon_Test.vcxproj", "{FF12B41B-2B1C-4174-AB62-C564BCB92533}"
EndProject
Project("{8BC9CEB8-8B4A-11D0-8D11-00A0C91BC942}") = "Pokemon_Pokedex_test", "..\Pokedex_test\Pokedex_test.vcxproj", "{FA7FB2F9-305F-4862-9303-C9E0C04415FA}"
EndProject
Project("{8BC9CEB8-8B4A-11D0-8D11-00A0C91BC942}") = "Stats_n_Status_Test", "..\Stats_n_Status_Test\Stats_n_Status_Test.vcxproj", "{C7FBF1C4-5C45-4098-A1C7-5BBC6945B9AD}"
EndProject
Global
	GlobalSection(SolutionConfigurationPlatforms) = preSolution
		Debug|x64 = Debug|x64
		Debug|x86 = Debug|x86
		Release|x64 = Release|x64
		Release|x86 = Release|x86
	EndGlobalSection
	GlobalSection(ProjectConfigurationPlatforms) = postSolution
		{C955F85E-454B-463E-8024-A858FF5BD2EE}.Debug|x64.ActiveCfg = Debug|x64
		{C955F85E-454B-463E-8024-A858FF5BD2EE}.Debug|x64.Build.0 = Debug|x64
		{C955F85E-454B-463E-8024-A858FF5BD2EE}.Debug|x86.ActiveCfg = Debug|Win32
		{C955F85E-454B-463E-8024-A858FF5BD2EE}.Debug|x86.Build.0 = Debug|Win32
		{C955F85E-454B-463E-8024-A858FF5BD2EE}.Release|x64.ActiveCfg = Release|x64
		{C955F85E-454B-463E-8024-A858FF5BD2EE}.Release|x64.Build.0 = Release|x64
		{C955F85E-454B-463E-8024-A858FF5BD2EE}.Release|x86.ActiveCfg = Release|Win32
		{C955F85E-454B-463E-8024-A858FF5BD2EE}.Release|x86.Build.0 = Release|Win32
		{DA2CEBD0-3930-410E-BBB9-D40E4491BC2F}.Debug|x64.ActiveCfg = Debug|x64
		{DA2CEBD0-3930-410E-BBB9-D40E4491BC2F}.Debug|x64.Build.0 = Debug|x64
		{DA2CEBD0-3930-410E-BBB9-D40E4491BC2F}.Debug|x86.ActiveCfg = Debug|Win32
		{DA2CEBD0-3930-410E-BBB9-D40E4491BC2F}.Debug|x86.Build.0 = Debug|Win32
		{DA2CEBD0-3930-410E-BBB9-D40E4491BC2F}.Release|x64.ActiveCfg = Release|x64
		{DA2CEBD0-3930-410E-BBB9-D40E4491BC2F}.Release|x64.Build.0 = Release|x64
		{DA2CEBD0-3930-410E-BBB9-D40E4491BC2F}.Release|x86.ActiveCfg = Release|Win32
		{DA2CEBD0-3930-410E-BBB9-D40E4491BC2F}.Release|x86.Build.0 = Release|Win32
		{FF12B41B-2B1C-4174-AB62-C564BCB92533}.Debug|x64.ActiveCfg = Debug|x64
		{FF12B41B-2B1C-4174-AB62-C564BCB92533}.Debug|x64.Build.0 = Debug|x64
		{FF12B41B-2B1C-4174-AB62-C564BCB92533}.Debug|x86.ActiveCfg = Debug|Win32
		{FF12B41B-2B1C-4174-AB62-C564BCB92533}.Debug|x86.Build.0 = Debug|Win32
		{FF12B41B-2B1C-4174-AB62-C564BCB92533}.Release|x64.ActiveCfg = Release|x64
		{FF12B41B-2B1C-4174-AB62-C564BCB92533}.Release|x64.Build.0 = Release|x64
		{FF12B41B-2B1C-4174-AB62-C564BCB92533}.Release|x86.ActiveCfg = Release|Win32
		{FF12B41B-2B1C-4174-AB62-C564BCB92533}.Release|x86.Build.0 = Release|Win32
		{FA7FB2F9-305F-4862-9303-C9E0C04415FA}.Debug|x64.ActiveCfg = Debug|x64
		{FA7FB2F9-305F-4862-9303-C9E0C04415FA}.Debug|x64.Build.0 = Debug|x64
		{FA7FB2F9-305F-4862-9303-C9E0C04415FA}.Debug|x86.ActiveCfg = Debug|Win32
		{FA7FB2F9-305F-4862-9303-C9E0C04415FA}.Debug|x86.Build.0 = Debug|Win32
		{FA7FB2F9-305F-4862-9303-C9E0C04415FA}.Release|x64.ActiveCfg = Release|x64
		{FA7FB2F9-305F-4862-9303-C9E0C04415FA}.Release|x64.Build.0 = Release|x64
		{FA7FB2F9-305F-4862-9303-C9E0C04415FA}.Release|x86.ActiveCfg = Release|Win32
		{FA7FB2F9-305F-4862-9303-C9E0C04415FA}.Release|x86.Build.0 = Release|Win32
		{C7FBF1C4-5C45-4098-A1C7-5BBC6945B9AD}.Debug|x64.ActiveCfg = Debug|x64
		{C7FBF1C4-5C45-4098-A1C7-5BBC6945B9AD}.Debug|x64.Build.0 = Debug|x64
		{C7FBF1C4-5C45-4098-A1C7-5BBC6945B9AD}.Debug|x86.ActiveCfg = Debug|Win32
		{C7FBF1C4-5C45-4098-A1C7-5BBC6945B9AD}.Debug|x86.Build.0 = Debug|Win32
		{C7FBF1C4-5C45-4098-A1C7-5BBC6945B9AD}.Release|x64.ActiveCfg = Release|x64
		{C7FBF1C4-5C45-4098-A1C7-5BBC6945B9AD}.Release|x64.Build.0 = Release|x64
		{C7FBF1C4-5C45-4098-A1C7-5BBC6945B9AD}.Release|x86.ActiveCfg = Release|Win32
		{C7FBF1C4-5C45-4098-A1C7-5BBC6945B9AD}.Release|x86.Build.0 = Release|Win32
	EndGlobalSection
	GlobalSection(SolutionProperties) = preSolution
		HideSolutionNode = FALSE
	EndGlobalSection
	GlobalSection(ExtensibilityGlobals) = postSolution
		SolutionGuid = {6E610A30-C281-4C94-A8DF-8B488704F61A}
	EndGlobalSection
EndGlobal
